{
  "name": "demo",
  "version": "1.0.0",
  "lockfileVersion": 1,
  "requires": true,
  "dependencies": {
    "lightening-css": {
      "version": "0.2.1",
      "resolved": "https://registry.npmjs.org/lightening-css/-/lightening-css-0.2.1.tgz",
      "integrity": "sha512-S544O7FJJHeGCMWoZ8rRlPsVGrwJxmSYNl2AI7pkm9x4M8wKeTudBA0cKiTKGQ+3IwzxV4yy/dNIGwsxHV1dVw=="
    }
  }
}
